Microsoft Visual Studio Solution File, Format Version 12.00
# Visual Studio Version 17
VisualStudioVersion = 17.0.31903.59
MinimumVisualStudioVersion = 10.0.40219.1
Project("{9A19103F-16F7-4668-BE54-9A1E7A4F7556}") = "SharpNinja.AiUnit", "src\SharpNinja.AiUnit\SharpNinja.AiUnit.csproj", "{A0F4E101-2222-4111-8A11-AAAAAAAAAAAA}"
EndProject
Project("{9A19103F-16F7-4668-BE54-9A1E7A4F7556}") = "SharpNinja.AiUnit.Tests", "tests\SharpNinja.AiUnit.Tests\SharpNinja.AiUnit.Tests.csproj", "{B0F4E101-3333-4111-8A11-BBBBBBBBBBBB}"
EndProject
Global
	GlobalSection(SolutionConfigurationPlatforms) = preSolution
		Debug|Any CPU = Debug|Any CPU
		Release|Any CPU = Release|Any CPU
	EndGlobalSection
	GlobalSection(ProjectConfigurationPlatforms) = postSolution
		{A0F4E101-2222-4111-8A11-AAAAAAAAAAAA}.Debug|Any CPU.ActiveCfg = Debug|Any CPU
		{A0F4E101-2222-4111-8A11-AAAAAAAAAAAA}.Debug|Any CPU.Build.0 = Debug|Any CPU
		{A0F4E101-2222-4111-8A11-AAAAAAAAAAAA}.Release|Any CPU.ActiveCfg = Release|Any CPU
		{A0F4E101-2222-4111-8A11-AAAAAAAAAAAA}.Release|Any CPU.Build.0 = Release|Any CPU
		{B0F4E101-3333-4111-8A11-BBBBBBBBBBBB}.Debug|Any CPU.ActiveCfg = Debug|Any CPU
		{B0F4E101-3333-4111-8A11-BBBBBBBBBBBB}.Debug|Any CPU.Build.0 = Debug|Any CPU
		{B0F4E101-3333-4111-8A11-BBBBBBBBBBBB}.Release|Any CPU.ActiveCfg = Release|Any CPU
		{B0F4E101-3333-4111-8A11-BBBBBBBBBBBB}.Release|Any CPU.Build.0 = Release|Any CPU
	EndGlobalSection
	GlobalSection(SolutionProperties) = preSolution
		HideSolutionNode = FALSE
	EndGlobalSection
EndGlobal
